
Microsoft Visual Studio Solution File, Format Version 12.00
# Visual Studio Version 17
VisualStudioVersion = 17.7.34202.233
MinimumVisualStudioVersion = 10.0.40219.1
Project("{FAE04EC0-301F-11D3-BF4B-00C04F79EFBC}") = "ThreadsCloneAPI", "ThreadsCloneAPI\ThreadsCloneAPI.csproj", "{EEC8747A-DABE-4119-AE49-2062CE90D2A5}"
EndProject
Global
	GlobalSection(SolutionConfigurationPlatforms) = preSolution
		Debug|Any CPU = Debug|Any CPU
		Release|Any CPU = Release|Any CPU
	EndGlobalSection
	GlobalSection(ProjectConfigurationPlatforms) = postSolution
		{EEC8747A-DABE-4119-AE49-2062CE90D2A5}.Debug|Any CPU.ActiveCfg = Debug|Any CPU
		{EEC8747A-DABE-4119-AE49-2062CE90D2A5}.Debug|Any CPU.Build.0 = Debug|Any CPU
		{EEC8747A-DABE-4119-AE49-2062CE90D2A5}.Release|Any CPU.ActiveCfg = Release|Any CPU
		{EEC8747A-DABE-4119-AE49-2062CE90D2A5}.Release|Any CPU.Build.0 = Release|Any CPU
	EndGlobalSection
	GlobalSection(SolutionProperties) = preSolution
		HideSolutionNode = FALSE
	EndGlobalSection
	GlobalSection(ExtensibilityGlobals) = postSolution
		SolutionGuid = {A93DEB3E-0FDD-4000-BA8D-B271844961EF}
	EndGlobalSection
EndGlobal
